// !$*UTF8*$!
{
	archiveVersion = 1;
	classes = {
	};
	objectVersion = 46;
	objects = {

/* Begin PBXBuildFile section */
		540846B1160FC6FF00081C67 /* UIKit.framework in Frameworks */ = {isa = PBXBuildFile; fileRef = 540846B0160FC6FF00081C67 /* UIKit.framework */; };
		540846B3160FC6FF00081C67 /* Foundation.framework in Frameworks */ = {isa = PBXBuildFile; fileRef = 540846B2160FC6FF00081C67 /* Foundation.framework */; };
		540846B5160FC6FF00081C67 /* CoreGraphics.framework in Frameworks */ = {isa = PBXBuildFile; fileRef = 540846B4160FC6FF00081C67 /* CoreGraphics.framework */; };
		540846BB160FC6FF00081C67 /* InfoPlist.strings in Resources */ = {isa = PBXBuildFile; fileRef = 540846B9160FC6FF00081C67 /* InfoPlist.strings */; };
		540846BD160FC6FF00081C67 /* main.m in Sources */ = {isa = PBXBuildFile; fileRef = 540846BC160FC6FF00081C67 /* main.m */; };
		540846C1160FC6FF00081C67 /* AppDelegate.m in Sources */ = {isa = PBXBuildFile; fileRef = 540846C0160FC6FF00081C67 /* AppDelegate.m */; };
		540846C9160FC73E00081C67 /* RootViewController.m in Sources */ = {isa = PBXBuildFile; fileRef = 540846C8160FC73E00081C67 /* RootViewController.m */; };
		540846D9160FEA8C00081C67 /* CustomViewCell.m in Sources */ = {isa = PBXBuildFile; fileRef = 540846D8160FEA8C00081C67 /* CustomViewCell.m */; };
		545052AC1617F9900033D179 /* 1img_8859.jpg in Resources */ = {isa = PBXBuildFile; fileRef = 545052AA1617F9900033D179 /* 1img_8859.jpg */; };
		545052AD1617F9900033D179 /* 1img_9973.jpg in Resources */ = {isa = PBXBuildFile; fileRef = 545052AB1617F9900033D179 /* 1img_9973.jpg */; };
		545052B1161806170033D179 /* 86-camera.png in Resources */ = {isa = PBXBuildFile; fileRef = 545052B0161806170033D179 /* 86-camera.png */; };
		545A336416180B9C00410D94 /* 1img_8691.jpg in Resources */ = {isa = PBXBuildFile; fileRef = 545A336016180B9C00410D94 /* 1img_8691.jpg */; };
		545A336516180B9C00410D94 /* 1img_9579.jpg in Resources */ = {isa = PBXBuildFile; fileRef = 545A336116180B9C00410D94 /* 1img_9579.jpg */; };
		545A336616180B9C00410D94 /* CRW_5446_JFR.jpg in Resources */ = {isa = PBXBuildFile; fileRef = 545A336216180B9C00410D94 /* CRW_5446_JFR.jpg */; };
		545A336716180B9C00410D94 /* DSC00330.jpg in Resources */ = {isa = PBXBuildFile; fileRef = 545A336316180B9C00410D94 /* DSC00330.jpg */; };
		545A336B16180EF300410D94 /* 1img_9093.jpg in Resources */ = {isa = PBXBuildFile; fileRef = 545A336916180EF300410D94 /* 1img_9093.jpg */; };
		545A336C16180EF300410D94 /* 2img_2788.jpg in Resources */ = {isa = PBXBuildFile; fileRef = 545A336A16180EF300410D94 /* 2img_2788.jpg */; };
		549B5EAD177A25DA005BA9EC /* Default-568h@2x.png in Resources */ = {isa = PBXBuildFile; fileRef = 549B5EAC177A25DA005BA9EC /* Default-568h@2x.png */; };
/* End PBXBuildFile section */

/* Begin PBXFileReference section */
		540846AC160FC6FF00081C67 /* CustomCell.app */ = {isa = PBXFileReference; explicitFileType = wrapper.application; includeInIndex = 0; path = CustomCell.app; sourceTree = BUILT_PRODUCTS_DIR; };
		540846B0160FC6FF00081C67 /* UIKit.framework */ = {isa = PBXFileReference; lastKnownFileType = wrapper.framework; name = UIKit.framework; path = System/Library/Frameworks/UIKit.framework; sourceTree = SDKROOT; };
		540846B2160FC6FF00081C67 /* Foundation.framework */ = {isa = PBXFileReference; lastKnownFileType = wrapper.framework; name = Foundation.framework; path = System/Library/Frameworks/Foundation.framework; sourceTree = SDKROOT; };
		540846B4160FC6FF00081C67 /* CoreGraphics.framework */ = {isa = PBXFileReference; lastKnownFileType = wrapper.framework; name = CoreGraphics.framework; path = System/Library/Frameworks/CoreGraphics.framework; sourceTree = SDKROOT; };
		540846B8160FC6FF00081C67 /* CustomCell-Info.plist */ = {isa = PBXFileReference; lastKnownFileType = text.plist.xml; path = "CustomCell-Info.plist"; sourceTree = "<group>"; };
		540846BA160FC6FF00081C67 /* en */ = {isa = PBXFileReference; lastKnownFileType = text.plist.strings; name = en; path = en.lproj/InfoPlist.strings; sourceTree = "<group>"; };
		540846BC160FC6FF00081C67 /* main.m */ = {isa = PBXFileReference; lastKnownFileType = sourcecode.c.objc; path = main.m; sourceTree = "<group>"; };
		540846BE160FC6FF00081C67 /* CustomCell-Prefix.pch */ = {isa = PBXFileReference; lastKnownFileType = sourcecode.c.h; path = "CustomCell-Prefix.pch"; sourceTree = "<group>"; };
		540846BF160FC6FF00081C67 /* AppDelegate.h */ = {isa = PBXFileReference; lastKnownFileType = sourcecode.c.h; path = AppDelegate.h; sourceTree = "<group>"; };
		540846C0160FC6FF00081C67 /* AppDelegate.m */ = {isa = PBXFileReference; lastKnownFileType = sourcecode.c.objc; path = AppDelegate.m; sourceTree = "<group>"; };
		540846C7160FC73E00081C67 /* RootViewController.h */ = {isa = PBXFileReference; fileEncoding = 4; lastKnownFileType = sourcecode.c.h; path = RootViewController.h; sourceTree = "<group>"; };
		540846C8160FC73E00081C67 /* RootViewController.m */ = {isa = PBXFileReference; fileEncoding = 4; lastKnownFileType = sourcecode.c.objc; path = RootViewController.m; sourceTree = "<group>"; };
		540846D7160FEA8C00081C67 /* CustomViewCell.h */ = {isa = PBXFileReference; fileEncoding = 4; lastKnownFileType = sourcecode.c.h; path = CustomViewCell.h; sourceTree = "<group>"; };
		540846D8160FEA8C00081C67 /* CustomViewCell.m */ = {isa = PBXFileReference; fileEncoding = 4; lastKnownFileType = sourcecode.c.objc; path = CustomViewCell.m; sourceTree = "<group>"; };
		545052AA1617F9900033D179 /* 1img_8859.jpg */ = {isa = PBXFileReference; lastKnownFileType = image.jpeg; name = 1img_8859.jpg; path = Resources/1img_8859.jpg; sourceTree = "<group>"; };
		545052AB1617F9900033D179 /* 1img_9973.jpg */ = {isa = PBXFileReference; lastKnownFileType = image.jpeg; name = 1img_9973.jpg; path = Resources/1img_9973.jpg; sourceTree = "<group>"; };
		545052B0161806170033D179 /* 86-camera.png */ = {isa = PBXFileReference; lastKnownFileType = image.png; name = "86-camera.png"; path = "Resources/86-camera.png"; sourceTree = "<group>"; };
		545A336016180B9C00410D94 /* 1img_8691.jpg */ = {isa = PBXFileReference; lastKnownFileType = image.jpeg; name = 1img_8691.jpg; path = Resources/1img_8691.jpg; sourceTree = "<group>"; };
		545A336116180B9C00410D94 /* 1img_9579.jpg */ = {isa = PBXFileReference; lastKnownFileType = image.jpeg; name = 1img_9579.jpg; path = Resources/1img_9579.jpg; sourceTree = "<group>"; };
		545A336216180B9C00410D94 /* CRW_5446_JFR.jpg */ = {isa = PBXFileReference; lastKnownFileType = image.jpeg; name = CRW_5446_JFR.jpg; path = Resources/CRW_5446_JFR.jpg; sourceTree = "<group>"; };
		545A336316180B9C00410D94 /* DSC00330.jpg */ = {isa = PBXFileReference; lastKnownFileType = image.jpeg; name = DSC00330.jpg; path = Resources/DSC00330.jpg; sourceTree = "<group>"; };
		545A336916180EF300410D94 /* 1img_9093.jpg */ = {isa = PBXFileReference; lastKnownFileType = image.jpeg; name = 1img_9093.jpg; path = Resources/1img_9093.jpg; sourceTree = "<group>"; };
		545A336A16180EF300410D94 /* 2img_2788.jpg */ = {isa = PBXFileReference; lastKnownFileType = image.jpeg; name = 2img_2788.jpg; path = Resources/2img_2788.jpg; sourceTree = "<group>"; };
		549B5EAC177A25DA005BA9EC /* Default-568h@2x.png */ = {isa = PBXFileReference; lastKnownFileType = image.png; path = "Default-568h@2x.png"; sourceTree = "<group>"; };
/* End PBXFileReference section */

/* Begin PBXFrameworksBuildPhase section */
		540846A9160FC6FF00081C67 /* Frameworks */ = {
			isa = PBXFrameworksBuildPhase;
			buildActionMask = 2147483647;
			files = (
				540846B1160FC6FF00081C67 /* UIKit.framework in Frameworks */,
				540846B3160FC6FF00081C67 /* Foundation.framework in Frameworks */,
				540846B5160FC6FF00081C67 /* CoreGraphics.framework in Frameworks */,
			);
			runOnlyForDeploymentPostprocessing = 0;
		};
/* End PBXFrameworksBuildPhase section */

/* Begin PBXGroup section */
		540846A1160FC6FF00081C67 = {
			isa = PBXGroup;
			children = (
				549B5EAC177A25DA005BA9EC /* Default-568h@2x.png */,
				540846B6160FC6FF00081C67 /* CustomCell */,
				540846AF160FC6FF00081C67 /* Frameworks */,
				540846AD160FC6FF00081C67 /* Products */,
			);
			sourceTree = "<group>";
		};
		540846AD160FC6FF00081C67 /* Products */ = {
			isa = PBXGroup;
			children = (
				540846AC160FC6FF00081C67 /* CustomCell.app */,
			);
			name = Products;
			sourceTree = "<group>";
		};
		540846AF160FC6FF00081C67 /* Frameworks */ = {
			isa = PBXGroup;
			children = (
				540846B0160FC6FF00081C67 /* UIKit.framework */,
				540846B2160FC6FF00081C67 /* Foundation.framework */,
				540846B4160FC6FF00081C67 /* CoreGraphics.framework */,
			);
			name = Frameworks;
			sourceTree = "<group>";
		};
		540846B6160FC6FF00081C67 /* CustomCell */ = {
			isa = PBXGroup;
			children = (
				540846BF160FC6FF00081C67 /* AppDelegate.h */,
				540846C0160FC6FF00081C67 /* AppDelegate.m */,
				540846C7160FC73E00081C67 /* RootViewController.h */,
				540846C8160FC73E00081C67 /* RootViewController.m */,
				540846D7160FEA8C00081C67 /* CustomViewCell.h */,
				540846D8160FEA8C00081C67 /* CustomViewCell.m */,
				540846CA160FD7A200081C67 /* Resources */,
				540846B7160FC6FF00081C67 /* Supporting Files */,
			);
			path = CustomCell;
			sourceTree = "<group>";
		};
		540846B7160FC6FF00081C67 /* Supporting Files */ = {
			isa = PBXGroup;
			children = (
				540846B8160FC6FF00081C67 /* CustomCell-Info.plist */,
				540846B9160FC6FF00081C67 /* InfoPlist.strings */,
				540846BC160FC6FF00081C67 /* main.m */,
				540846BE160FC6FF00081C67 /* CustomCell-Prefix.pch */,
			);
			name = "Supporting Files";
			sourceTree = "<group>";
		};
		540846CA160FD7A200081C67 /* Resources */ = {
			isa = PBXGroup;
			children = (
				545A336916180EF300410D94 /* 1img_9093.jpg */,
				545A336A16180EF300410D94 /* 2img_2788.jpg */,
				545A336016180B9C00410D94 /* 1img_8691.jpg */,
				545A336116180B9C00410D94 /* 1img_9579.jpg */,
				545A336216180B9C00410D94 /* CRW_5446_JFR.jpg */,
				545A336316180B9C00410D94 /* DSC00330.jpg */,
				545052B0161806170033D179 /* 86-camera.png */,
				545052AA1617F9900033D179 /* 1img_8859.jpg */,
				545052AB1617F9900033D179 /* 1img_9973.jpg */,
			);
			name = Resources;
			sourceTree = "<group>";
		};
/* End PBXGroup section */

/* Begin PBXNativeTarget section */
		540846AB160FC6FF00081C67 /* CustomCell */ = {
			isa = PBXNativeTarget;
			buildConfigurationList = 540846C4160FC6FF00081C67 /* Build configuration list for PBXNativeTarget "CustomCell" */;
			buildPhases = (
				540846A8160FC6FF00081C67 /* Sources */,
				540846A9160FC6FF00081C67 /* Frameworks */,
				540846AA160FC6FF00081C67 /* Resources */,
			);
			buildRules = (
			);
			dependencies = (
			);
			name = CustomCell;
			productName = CustomCell;
			productReference = 540846AC160FC6FF00081C67 /* CustomCell.app */;
			productType = "com.apple.product-type.application";
		};
/* End PBXNativeTarget section */

/* Begin PBXProject section */
		540846A3160FC6FF00081C67 /* Project object */ = {
			isa = PBXProject;
			attributes = {
				LastUpgradeCheck = 0420;
			};
			buildConfigurationList = 540846A6160FC6FF00081C67 /* Build configuration list for PBXProject "CustomCell" */;
			compatibilityVersion = "Xcode 3.2";
			developmentRegion = English;
			hasScannedForEncodings = 0;
			knownRegions = (
				en,
			);
			mainGroup = 540846A1160FC6FF00081C67;
			productRefGroup = 540846AD160FC6FF00081C67 /* Products */;
			projectDirPath = "";
			projectRoot = "";
			targets = (
				540846AB160FC6FF00081C67 /* CustomCell */,
			);
		};
/* End PBXProject section */

/* Begin PBXResourcesBuildPhase section */
		540846AA160FC6FF00081C67 /* Resources */ = {
			isa = PBXResourcesBuildPhase;
			buildActionMask = 2147483647;
			files = (
				540846BB160FC6FF00081C67 /* InfoPlist.strings in Resources */,
				545052AC1617F9900033D179 /* 1img_8859.jpg in Resources */,
				545052AD1617F9900033D179 /* 1img_9973.jpg in Resources */,
				545052B1161806170033D179 /* 86-camera.png in Resources */,
				545A336416180B9C00410D94 /* 1img_8691.jpg in Resources */,
				545A336516180B9C00410D94 /* 1img_9579.jpg in Resources */,
				545A336616180B9C00410D94 /* CRW_5446_JFR.jpg in Resources */,
				545A336716180B9C00410D94 /* DSC00330.jpg in Resources */,
				545A336B16180EF300410D94 /* 1img_9093.jpg in Resources */,
				545A336C16180EF300410D94 /* 2img_2788.jpg in Resources */,
				549B5EAD177A25DA005BA9EC /* Default-568h@2x.png in Resources */,
			);
			runOnlyForDeploymentPostprocessing = 0;
		};
/* End PBXResourcesBuildPhase section */

/* Begin PBXSourcesBuildPhase section */
		540846A8160FC6FF00081C67 /* Sources */ = {
			isa = PBXSourcesBuildPhase;
			buildActionMask = 2147483647;
			files = (
				540846BD160FC6FF00081C67 /* main.m in Sources */,
				540846C1160FC6FF00081C67 /* AppDelegate.m in Sources */,
				540846C9160FC73E00081C67 /* RootViewController.m in Sources */,
				540846D9160FEA8C00081C67 /* CustomViewCell.m in Sources */,
			);
			runOnlyForDeploymentPostprocessing = 0;
		};
/* End PBXSourcesBuildPhase section */

/* Begin PBXVariantGroup section */
		540846B9160FC6FF00081C67 /* InfoPlist.strings */ = {
			isa = PBXVariantGroup;
			children = (
				540846BA160FC6FF00081C67 /* en */,
			);
			name = InfoPlist.strings;
			sourceTree = "<group>";
		};
/* End PBXVariantGroup section */

/* Begin XCBuildConfiguration section */
		540846C2160FC6FF00081C67 /* Debug */ = {
			isa = XCBuildConfiguration;
			buildSettings = {
				ALWAYS_SEARCH_USER_PATHS = NO;
				ARCHS = "$(ARCHS_STANDARD_32_BIT)";
				"CODE_SIGN_IDENTITY[sdk=iphoneos*]" = "iPhone Developer";
				COPY_PHASE_STRIP = NO;
				GCC_C_LANGUAGE_STANDARD = gnu99;
				GCC_DYNAMIC_NO_PIC = NO;
				GCC_OPTIMIZATION_LEVEL = 0;
				GCC_PREPROCESSOR_DEFINITIONS = (
					"DEBUG=1",
					"$(inherited)",
				);
				GCC_SYMBOLS_PRIVATE_EXTERN = NO;
				GCC_VERSION = com.apple.compilers.llvm.clang.1_0;
				GCC_WARN_ABOUT_MISSING_PROTOTYPES = YES;
				GCC_WARN_ABOUT_RETURN_TYPE = YES;
				GCC_WARN_UNUSED_VARIABLE = YES;
				IPHONEOS_DEPLOYMENT_TARGET = 5.1;
				SDKROOT = iphoneos;
				TARGETED_DEVICE_FAMILY = "1,2";
			};
			name = Debug;
		};
		540846C3160FC6FF00081C67 /* Release */ = {
			isa = XCBuildConfiguration;
			buildSettings = {
				ALWAYS_SEARCH_USER_PATHS = NO;
				ARCHS = "$(ARCHS_STANDARD_32_BIT)";
				"CODE_SIGN_IDENTITY[sdk=iphoneos*]" = "iPhone Developer";
				COPY_PHASE_STRIP = YES;
				GCC_C_LANGUAGE_STANDARD = gnu99;
				GCC_VERSION = com.apple.compilers.llvm.clang.1_0;
				GCC_WARN_ABOUT_MISSING_PROTOTYPES = YES;
				GCC_WARN_ABOUT_RETURN_TYPE = YES;
				GCC_WARN_UNUSED_VARIABLE = YES;
				IPHONEOS_DEPLOYMENT_TARGET = 5.1;
				OTHER_CFLAGS = "-DNS_BLOCK_ASSERTIONS=1";
				SDKROOT = iphoneos;
				TARGETED_DEVICE_FAMILY = "1,2";
				VALIDATE_PRODUCT = YES;
			};
			name = Release;
		};
		540846C5160FC6FF00081C67 /* Debug */ = {
			isa = XCBuildConfiguration;
			buildSettings = {
				GCC_PRECOMPILE_PREFIX_HEADER = YES;
				GCC_PREFIX_HEADER = "CustomCell/CustomCell-Prefix.pch";
				INFOPLIST_FILE = "CustomCell/CustomCell-Info.plist";
				PRODUCT_NAME = "$(TARGET_NAME)";
				WRAPPER_EXTENSION = app;
			};
			name = Debug;
		};
		540846C6160FC6FF00081C67 /* Release */ = {
			isa = XCBuildConfiguration;
			buildSettings = {
				GCC_PRECOMPILE_PREFIX_HEADER = YES;
				GCC_PREFIX_HEADER = "CustomCell/CustomCell-Prefix.pch";
				INFOPLIST_FILE = "CustomCell/CustomCell-Info.plist";
				PRODUCT_NAME = "$(TARGET_NAME)";
				WRAPPER_EXTENSION = app;
			};
			name = Release;
		};
/* End XCBuildConfiguration section */

/* Begin XCConfigurationList section */
		540846A6160FC6FF00081C67 /* Build configuration list for PBXProject "CustomCell" */ = {
			isa = XCConfigurationList;
			buildConfigurations = (
				540846C2160FC6FF00081C67 /* Debug */,
				540846C3160FC6FF00081C67 /* Release */,
			);
			defaultConfigurationIsVisible = 0;
			defaultConfigurationName = Release;
		};
		540846C4160FC6FF00081C67 /* Build configuration list for PBXNativeTarget "CustomCell" */ = {
			isa = XCConfigurationList;
			buildConfigurations = (
				540846C5160FC6FF00081C67 /* Debug */,
				540846C6160FC6FF00081C67 /* Release */,
			);
			defaultConfigurationIsVisible = 0;
			defaultConfigurationName = Release;
		};
/* End XCConfigurationList section */
	};
	rootObject = 540846A3160FC6FF00081C67 /* Project object */;
}
