// !$*UTF8*$!
{
	archiveVersion = 1;
	classes = {
	};
	objectVersion = 46;
	objects = {

/* Begin PBXBuildFile section */
		540846B1160FC6FF00081C67 /* UIKit.framework in Frameworks */ = {isa = PBXBuildFile; fileRef = 540846B0160FC6FF00081C67 /* UIKit.framework */; };
		540846B3160FC6FF00081C67 /* Foundation.framework in Frameworks */ = {isa = PBXBuildFile; fileRef = 540846B2160FC6FF00081C67 /* Foundation.framework */; };
		540846B5160FC6FF00081C67 /* CoreGraphics.framework in Frameworks */ = {isa = PBXBuildFile; fileRef = 540846B4160FC6FF00081C67 /* CoreGraphics.framework */; };
		540846BB160FC6FF00081C67 /* InfoPlist.strings in Resources */ = {isa = PBXBuildFile; fileRef = 540846B9160FC6FF00081C67 /* InfoPlist.strings */; };
		540846BD160FC6FF00081C67 /* main.m in Sources */ = {isa = PBXBuildFile; fileRef = 540846BC160FC6FF00081C67 /* main.m */; };
		540846C1160FC6FF00081C67 /* AppDelegate.m in Sources */ = {isa = PBXBuildFile; fileRef = 540846C0160FC6FF00081C67 /* AppDelegate.m */; };
		540846C9160FC73E00081C67 /* RootViewController.m in Sources */ = {isa = PBXBuildFile; fileRef = 540846C8160FC73E00081C67 /* RootViewController.m */; };
		540846D9160FEA8C00081C67 /* CustomViewCell.m in Sources */ = {isa = PBXBuildFile; fileRef = 540846D8160FEA8C00081C67 /* CustomViewCell.m */; };
		54351B7C1613DB3100620BAB /* ingot01.png in Resources */ = {isa = PBXBuildFile; fileRef = 54351B701613DB3100620BAB /* ingot01.png */; };
		54351B7D1613DB3100620BAB /* ingot02.png in Resources */ = {isa = PBXBuildFile; fileRef = 54351B711613DB3100620BAB /* ingot02.png */; };
		54351B7E1613DB3100620BAB /* ingot03.png in Resources */ = {isa = PBXBuildFile; fileRef = 54351B721613DB3100620BAB /* ingot03.png */; };
		54351B7F1613DB3100620BAB /* ingot04.png in Resources */ = {isa = PBXBuildFile; fileRef = 54351B731613DB3100620BAB /* ingot04.png */; };
		54351B801613DB3100620BAB /* ingot05.png in Resources */ = {isa = PBXBuildFile; fileRef = 54351B741613DB3100620BAB /* ingot05.png */; };
		54351B811613DB3100620BAB /* ingot06.png in Resources */ = {isa = PBXBuildFile; fileRef = 54351B751613DB3100620BAB /* ingot06.png */; };
		54351B821613DB3100620BAB /* ore01.png in Resources */ = {isa = PBXBuildFile; fileRef = 54351B761613DB3100620BAB /* ore01.png */; };
		54351B831613DB3100620BAB /* ore02.png in Resources */ = {isa = PBXBuildFile; fileRef = 54351B771613DB3100620BAB /* ore02.png */; };
		54351B841613DB3100620BAB /* ore03.png in Resources */ = {isa = PBXBuildFile; fileRef = 54351B781613DB3100620BAB /* ore03.png */; };
		54351B851613DB3100620BAB /* ore04.png in Resources */ = {isa = PBXBuildFile; fileRef = 54351B791613DB3100620BAB /* ore04.png */; };
		54351B861613DB3100620BAB /* ore05.png in Resources */ = {isa = PBXBuildFile; fileRef = 54351B7A1613DB3100620BAB /* ore05.png */; };
		54351B871613DB3100620BAB /* ore06.png in Resources */ = {isa = PBXBuildFile; fileRef = 54351B7B1613DB3100620BAB /* ore06.png */; };
		54DC85331613C3740037004E /* dollar.gif in Resources */ = {isa = PBXBuildFile; fileRef = 54DC85321613C3740037004E /* dollar.gif */; };
/* End PBXBuildFile section */

/* Begin PBXFileReference section */
		540846AC160FC6FF00081C67 /* CustomCell.app */ = {isa = PBXFileReference; explicitFileType = wrapper.application; includeInIndex = 0; path = CustomCell.app; sourceTree = BUILT_PRODUCTS_DIR; };
		540846B0160FC6FF00081C67 /* UIKit.framework */ = {isa = PBXFileReference; lastKnownFileType = wrapper.framework; name = UIKit.framework; path = System/Library/Frameworks/UIKit.framework; sourceTree = SDKROOT; };
		540846B2160FC6FF00081C67 /* Foundation.framework */ = {isa = PBXFileReference; lastKnownFileType = wrapper.framework; name = Foundation.framework; path = System/Library/Frameworks/Foundation.framework; sourceTree = SDKROOT; };
		540846B4160FC6FF00081C67 /* CoreGraphics.framework */ = {isa = PBXFileReference; lastKnownFileType = wrapper.framework; name = CoreGraphics.framework; path = System/Library/Frameworks/CoreGraphics.framework; sourceTree = SDKROOT; };
		540846B8160FC6FF00081C67 /* CustomCell-Info.plist */ = {isa = PBXFileReference; lastKnownFileType = text.plist.xml; path = "CustomCell-Info.plist"; sourceTree = "<group>"; };
		540846BA160FC6FF00081C67 /* en */ = {isa = PBXFileReference; lastKnownFileType = text.plist.strings; name = en; path = en.lproj/InfoPlist.strings; sourceTree = "<group>"; };
		540846BC160FC6FF00081C67 /* main.m */ = {isa = PBXFileReference; lastKnownFileType = sourcecode.c.objc; path = main.m; sourceTree = "<group>"; };
		540846BE160FC6FF00081C67 /* CustomCell-Prefix.pch */ = {isa = PBXFileReference; lastKnownFileType = sourcecode.c.h; path = "CustomCell-Prefix.pch"; sourceTree = "<group>"; };
		540846BF160FC6FF00081C67 /* AppDelegate.h */ = {isa = PBXFileReference; lastKnownFileType = sourcecode.c.h; path = AppDelegate.h; sourceTree = "<group>"; };
		540846C0160FC6FF00081C67 /* AppDelegate.m */ = {isa = PBXFileReference; lastKnownFileType = sourcecode.c.objc; path = AppDelegate.m; sourceTree = "<group>"; };
		540846C7160FC73E00081C67 /* RootViewController.h */ = {isa = PBXFileReference; fileEncoding = 4; lastKnownFileType = sourcecode.c.h; path = RootViewController.h; sourceTree = "<group>"; };
		540846C8160FC73E00081C67 /* RootViewController.m */ = {isa = PBXFileReference; fileEncoding = 4; lastKnownFileType = sourcecode.c.objc; path = RootViewController.m; sourceTree = "<group>"; };
		540846D7160FEA8C00081C67 /* CustomViewCell.h */ = {isa = PBXFileReference; fileEncoding = 4; lastKnownFileType = sourcecode.c.h; path = CustomViewCell.h; sourceTree = "<group>"; };
		540846D8160FEA8C00081C67 /* CustomViewCell.m */ = {isa = PBXFileReference; fileEncoding = 4; lastKnownFileType = sourcecode.c.objc; path = CustomViewCell.m; sourceTree = "<group>"; };
		54351B701613DB3100620BAB /* ingot01.png */ = {isa = PBXFileReference; lastKnownFileType = image.png; name = ingot01.png; path = Resources/ingot01.png; sourceTree = "<group>"; };
		54351B711613DB3100620BAB /* ingot02.png */ = {isa = PBXFileReference; lastKnownFileType = image.png; name = ingot02.png; path = Resources/ingot02.png; sourceTree = "<group>"; };
		54351B721613DB3100620BAB /* ingot03.png */ = {isa = PBXFileReference; lastKnownFileType = image.png; name = ingot03.png; path = Resources/ingot03.png; sourceTree = "<group>"; };
		54351B731613DB3100620BAB /* ingot04.png */ = {isa = PBXFileReference; lastKnownFileType = image.png; name = ingot04.png; path = Resources/ingot04.png; sourceTree = "<group>"; };
		54351B741613DB3100620BAB /* ingot05.png */ = {isa = PBXFileReference; lastKnownFileType = image.png; name = ingot05.png; path = Resources/ingot05.png; sourceTree = "<group>"; };
		54351B751613DB3100620BAB /* ingot06.png */ = {isa = PBXFileReference; lastKnownFileType = image.png; name = ingot06.png; path = Resources/ingot06.png; sourceTree = "<group>"; };
		54351B761613DB3100620BAB /* ore01.png */ = {isa = PBXFileReference; lastKnownFileType = image.png; name = ore01.png; path = Resources/ore01.png; sourceTree = "<group>"; };
		54351B771613DB3100620BAB /* ore02.png */ = {isa = PBXFileReference; lastKnownFileType = image.png; name = ore02.png; path = Resources/ore02.png; sourceTree = "<group>"; };
		54351B781613DB3100620BAB /* ore03.png */ = {isa = PBXFileReference; lastKnownFileType = image.png; name = ore03.png; path = Resources/ore03.png; sourceTree = "<group>"; };
		54351B791613DB3100620BAB /* ore04.png */ = {isa = PBXFileReference; lastKnownFileType = image.png; name = ore04.png; path = Resources/ore04.png; sourceTree = "<group>"; };
		54351B7A1613DB3100620BAB /* ore05.png */ = {isa = PBXFileReference; lastKnownFileType = image.png; name = ore05.png; path = Resources/ore05.png; sourceTree = "<group>"; };
		54351B7B1613DB3100620BAB /* ore06.png */ = {isa = PBXFileReference; lastKnownFileType = image.png; name = ore06.png; path = Resources/ore06.png; sourceTree = "<group>"; };
		54DC85321613C3740037004E /* dollar.gif */ = {isa = PBXFileReference; lastKnownFileType = image.gif; name = dollar.gif; path = Resources/dollar.gif; sourceTree = "<group>"; };
/* End PBXFileReference section */

/* Begin PBXFrameworksBuildPhase section */
		540846A9160FC6FF00081C67 /* Frameworks */ = {
			isa = PBXFrameworksBuildPhase;
			buildActionMask = 2147483647;
			files = (
				540846B1160FC6FF00081C67 /* UIKit.framework in Frameworks */,
				540846B3160FC6FF00081C67 /* Foundation.framework in Frameworks */,
				540846B5160FC6FF00081C67 /* CoreGraphics.framework in Frameworks */,
			);
			runOnlyForDeploymentPostprocessing = 0;
		};
/* End PBXFrameworksBuildPhase section */

/* Begin PBXGroup section */
		540846A1160FC6FF00081C67 = {
			isa = PBXGroup;
			children = (
				540846B6160FC6FF00081C67 /* CustomCell */,
				540846AF160FC6FF00081C67 /* Frameworks */,
				540846AD160FC6FF00081C67 /* Products */,
			);
			sourceTree = "<group>";
		};
		540846AD160FC6FF00081C67 /* Products */ = {
			isa = PBXGroup;
			children = (
				540846AC160FC6FF00081C67 /* CustomCell.app */,
			);
			name = Products;
			sourceTree = "<group>";
		};
		540846AF160FC6FF00081C67 /* Frameworks */ = {
			isa = PBXGroup;
			children = (
				540846B0160FC6FF00081C67 /* UIKit.framework */,
				540846B2160FC6FF00081C67 /* Foundation.framework */,
				540846B4160FC6FF00081C67 /* CoreGraphics.framework */,
			);
			name = Frameworks;
			sourceTree = "<group>";
		};
		540846B6160FC6FF00081C67 /* CustomCell */ = {
			isa = PBXGroup;
			children = (
				540846BF160FC6FF00081C67 /* AppDelegate.h */,
				540846C0160FC6FF00081C67 /* AppDelegate.m */,
				540846C7160FC73E00081C67 /* RootViewController.h */,
				540846C8160FC73E00081C67 /* RootViewController.m */,
				540846D7160FEA8C00081C67 /* CustomViewCell.h */,
				540846D8160FEA8C00081C67 /* CustomViewCell.m */,
				540846CA160FD7A200081C67 /* Resources */,
				540846B7160FC6FF00081C67 /* Supporting Files */,
			);
			path = CustomCell;
			sourceTree = "<group>";
		};
		540846B7160FC6FF00081C67 /* Supporting Files */ = {
			isa = PBXGroup;
			children = (
				540846B8160FC6FF00081C67 /* CustomCell-Info.plist */,
				540846B9160FC6FF00081C67 /* InfoPlist.strings */,
				540846BC160FC6FF00081C67 /* main.m */,
				540846BE160FC6FF00081C67 /* CustomCell-Prefix.pch */,
			);
			name = "Supporting Files";
			sourceTree = "<group>";
		};
		540846CA160FD7A200081C67 /* Resources */ = {
			isa = PBXGroup;
			children = (
				54351B701613DB3100620BAB /* ingot01.png */,
				54351B711613DB3100620BAB /* ingot02.png */,
				54351B721613DB3100620BAB /* ingot03.png */,
				54351B731613DB3100620BAB /* ingot04.png */,
				54351B741613DB3100620BAB /* ingot05.png */,
				54351B751613DB3100620BAB /* ingot06.png */,
				54351B761613DB3100620BAB /* ore01.png */,
				54351B771613DB3100620BAB /* ore02.png */,
				54351B781613DB3100620BAB /* ore03.png */,
				54351B791613DB3100620BAB /* ore04.png */,
				54351B7A1613DB3100620BAB /* ore05.png */,
				54351B7B1613DB3100620BAB /* ore06.png */,
				54DC85321613C3740037004E /* dollar.gif */,
			);
			name = Resources;
			sourceTree = "<group>";
		};
/* End PBXGroup section */

/* Begin PBXNativeTarget section */
		540846AB160FC6FF00081C67 /* CustomCell */ = {
			isa = PBXNativeTarget;
			buildConfigurationList = 540846C4160FC6FF00081C67 /* Build configuration list for PBXNativeTarget "CustomCell" */;
			buildPhases = (
				540846A8160FC6FF00081C67 /* Sources */,
				540846A9160FC6FF00081C67 /* Frameworks */,
				540846AA160FC6FF00081C67 /* Resources */,
			);
			buildRules = (
			);
			dependencies = (
			);
			name = CustomCell;
			productName = CustomCell;
			productReference = 540846AC160FC6FF00081C67 /* CustomCell.app */;
			productType = "com.apple.product-type.application";
		};
/* End PBXNativeTarget section */

/* Begin PBXProject section */
		540846A3160FC6FF00081C67 /* Project object */ = {
			isa = PBXProject;
			attributes = {
				LastUpgradeCheck = 0420;
			};
			buildConfigurationList = 540846A6160FC6FF00081C67 /* Build configuration list for PBXProject "CustomCell" */;
			compatibilityVersion = "Xcode 3.2";
			developmentRegion = English;
			hasScannedForEncodings = 0;
			knownRegions = (
				en,
			);
			mainGroup = 540846A1160FC6FF00081C67;
			productRefGroup = 540846AD160FC6FF00081C67 /* Products */;
			projectDirPath = "";
			projectRoot = "";
			targets = (
				540846AB160FC6FF00081C67 /* CustomCell */,
			);
		};
/* End PBXProject section */

/* Begin PBXResourcesBuildPhase section */
		540846AA160FC6FF00081C67 /* Resources */ = {
			isa = PBXResourcesBuildPhase;
			buildActionMask = 2147483647;
			files = (
				540846BB160FC6FF00081C67 /* InfoPlist.strings in Resources */,
				54DC85331613C3740037004E /* dollar.gif in Resources */,
				54351B7C1613DB3100620BAB /* ingot01.png in Resources */,
				54351B7D1613DB3100620BAB /* ingot02.png in Resources */,
				54351B7E1613DB3100620BAB /* ingot03.png in Resources */,
				54351B7F1613DB3100620BAB /* ingot04.png in Resources */,
				54351B801613DB3100620BAB /* ingot05.png in Resources */,
				54351B811613DB3100620BAB /* ingot06.png in Resources */,
				54351B821613DB3100620BAB /* ore01.png in Resources */,
				54351B831613DB3100620BAB /* ore02.png in Resources */,
				54351B841613DB3100620BAB /* ore03.png in Resources */,
				54351B851613DB3100620BAB /* ore04.png in Resources */,
				54351B861613DB3100620BAB /* ore05.png in Resources */,
				54351B871613DB3100620BAB /* ore06.png in Resources */,
			);
			runOnlyForDeploymentPostprocessing = 0;
		};
/* End PBXResourcesBuildPhase section */

/* Begin PBXSourcesBuildPhase section */
		540846A8160FC6FF00081C67 /* Sources */ = {
			isa = PBXSourcesBuildPhase;
			buildActionMask = 2147483647;
			files = (
				540846BD160FC6FF00081C67 /* main.m in Sources */,
				540846C1160FC6FF00081C67 /* AppDelegate.m in Sources */,
				540846C9160FC73E00081C67 /* RootViewController.m in Sources */,
				540846D9160FEA8C00081C67 /* CustomViewCell.m in Sources */,
			);
			runOnlyForDeploymentPostprocessing = 0;
		};
/* End PBXSourcesBuildPhase section */

/* Begin PBXVariantGroup section */
		540846B9160FC6FF00081C67 /* InfoPlist.strings */ = {
			isa = PBXVariantGroup;
			children = (
				540846BA160FC6FF00081C67 /* en */,
			);
			name = InfoPlist.strings;
			sourceTree = "<group>";
		};
/* End PBXVariantGroup section */

/* Begin XCBuildConfiguration section */
		540846C2160FC6FF00081C67 /* Debug */ = {
			isa = XCBuildConfiguration;
			buildSettings = {
				ALWAYS_SEARCH_USER_PATHS = NO;
				ARCHS = "$(ARCHS_STANDARD_32_BIT)";
				"CODE_SIGN_IDENTITY[sdk=iphoneos*]" = "iPhone Developer";
				COPY_PHASE_STRIP = NO;
				GCC_C_LANGUAGE_STANDARD = gnu99;
				GCC_DYNAMIC_NO_PIC = NO;
				GCC_OPTIMIZATION_LEVEL = 0;
				GCC_PREPROCESSOR_DEFINITIONS = (
					"DEBUG=1",
					"$(inherited)",
				);
				GCC_SYMBOLS_PRIVATE_EXTERN = NO;
				GCC_VERSION = com.apple.compilers.llvm.clang.1_0;
				GCC_WARN_ABOUT_MISSING_PROTOTYPES = YES;
				GCC_WARN_ABOUT_RETURN_TYPE = YES;
				GCC_WARN_UNUSED_VARIABLE = YES;
				IPHONEOS_DEPLOYMENT_TARGET = 5.1;
				SDKROOT = iphoneos;
				TARGETED_DEVICE_FAMILY = "1,2";
			};
			name = Debug;
		};
		540846C3160FC6FF00081C67 /* Release */ = {
			isa = XCBuildConfiguration;
			buildSettings = {
				ALWAYS_SEARCH_USER_PATHS = NO;
				ARCHS = "$(ARCHS_STANDARD_32_BIT)";
				"CODE_SIGN_IDENTITY[sdk=iphoneos*]" = "iPhone Developer";
				COPY_PHASE_STRIP = YES;
				GCC_C_LANGUAGE_STANDARD = gnu99;
				GCC_VERSION = com.apple.compilers.llvm.clang.1_0;
				GCC_WARN_ABOUT_MISSING_PROTOTYPES = YES;
				GCC_WARN_ABOUT_RETURN_TYPE = YES;
				GCC_WARN_UNUSED_VARIABLE = YES;
				IPHONEOS_DEPLOYMENT_TARGET = 5.1;
				OTHER_CFLAGS = "-DNS_BLOCK_ASSERTIONS=1";
				SDKROOT = iphoneos;
				TARGETED_DEVICE_FAMILY = "1,2";
				VALIDATE_PRODUCT = YES;
			};
			name = Release;
		};
		540846C5160FC6FF00081C67 /* Debug */ = {
			isa = XCBuildConfiguration;
			buildSettings = {
				GCC_PRECOMPILE_PREFIX_HEADER = YES;
				GCC_PREFIX_HEADER = "CustomCell/CustomCell-Prefix.pch";
				INFOPLIST_FILE = "CustomCell/CustomCell-Info.plist";
				PRODUCT_NAME = "$(TARGET_NAME)";
				WRAPPER_EXTENSION = app;
			};
			name = Debug;
		};
		540846C6160FC6FF00081C67 /* Release */ = {
			isa = XCBuildConfiguration;
			buildSettings = {
				GCC_PRECOMPILE_PREFIX_HEADER = YES;
				GCC_PREFIX_HEADER = "CustomCell/CustomCell-Prefix.pch";
				INFOPLIST_FILE = "CustomCell/CustomCell-Info.plist";
				PRODUCT_NAME = "$(TARGET_NAME)";
				WRAPPER_EXTENSION = app;
			};
			name = Release;
		};
/* End XCBuildConfiguration section */

/* Begin XCConfigurationList section */
		540846A6160FC6FF00081C67 /* Build configuration list for PBXProject "CustomCell" */ = {
			isa = XCConfigurationList;
			buildConfigurations = (
				540846C2160FC6FF00081C67 /* Debug */,
				540846C3160FC6FF00081C67 /* Release */,
			);
			defaultConfigurationIsVisible = 0;
			defaultConfigurationName = Release;
		};
		540846C4160FC6FF00081C67 /* Build configuration list for PBXNativeTarget "CustomCell" */ = {
			isa = XCConfigurationList;
			buildConfigurations = (
				540846C5160FC6FF00081C67 /* Debug */,
				540846C6160FC6FF00081C67 /* Release */,
			);
			defaultConfigurationIsVisible = 0;
			defaultConfigurationName = Release;
		};
/* End XCConfigurationList section */
	};
	rootObject = 540846A3160FC6FF00081C67 /* Project object */;
}
