// !$*UTF8*$!
{
	archiveVersion = 1;
	classes = {
	};
	objectVersion = 46;
	objects = {

/* Begin PBXBuildFile section */
		54084679160FBA7A00081C67 /* UIKit.framework in Frameworks */ = {isa = PBXBuildFile; fileRef = 54084678160FBA7A00081C67 /* UIKit.framework */; };
		5408467B160FBA7A00081C67 /* Foundation.framework in Frameworks */ = {isa = PBXBuildFile; fileRef = 5408467A160FBA7A00081C67 /* Foundation.framework */; };
		5408467D160FBA7A00081C67 /* CoreGraphics.framework in Frameworks */ = {isa = PBXBuildFile; fileRef = 5408467C160FBA7A00081C67 /* CoreGraphics.framework */; };
		54084683160FBA7A00081C67 /* InfoPlist.strings in Resources */ = {isa = PBXBuildFile; fileRef = 54084681160FBA7A00081C67 /* InfoPlist.strings */; };
		54084685160FBA7A00081C67 /* main.m in Sources */ = {isa = PBXBuildFile; fileRef = 54084684160FBA7A00081C67 /* main.m */; };
		54084689160FBA7A00081C67 /* AppDelegate.m in Sources */ = {isa = PBXBuildFile; fileRef = 54084688160FBA7A00081C67 /* AppDelegate.m */; };
		54084691160FBA9700081C67 /* RootViewController.m in Sources */ = {isa = PBXBuildFile; fileRef = 54084690160FBA9600081C67 /* RootViewController.m */; };
/* End PBXBuildFile section */

/* Begin PBXFileReference section */
		54084674160FBA7A00081C67 /* Search.app */ = {isa = PBXFileReference; explicitFileType = wrapper.application; includeInIndex = 0; path = Search.app; sourceTree = BUILT_PRODUCTS_DIR; };
		54084678160FBA7A00081C67 /* UIKit.framework */ = {isa = PBXFileReference; lastKnownFileType = wrapper.framework; name = UIKit.framework; path = System/Library/Frameworks/UIKit.framework; sourceTree = SDKROOT; };
		5408467A160FBA7A00081C67 /* Foundation.framework */ = {isa = PBXFileReference; lastKnownFileType = wrapper.framework; name = Foundation.framework; path = System/Library/Frameworks/Foundation.framework; sourceTree = SDKROOT; };
		5408467C160FBA7A00081C67 /* CoreGraphics.framework */ = {isa = PBXFileReference; lastKnownFileType = wrapper.framework; name = CoreGraphics.framework; path = System/Library/Frameworks/CoreGraphics.framework; sourceTree = SDKROOT; };
		54084680160FBA7A00081C67 /* Search-Info.plist */ = {isa = PBXFileReference; lastKnownFileType = text.plist.xml; path = "Search-Info.plist"; sourceTree = "<group>"; };
		54084682160FBA7A00081C67 /* en */ = {isa = PBXFileReference; lastKnownFileType = text.plist.strings; name = en; path = en.lproj/InfoPlist.strings; sourceTree = "<group>"; };
		54084684160FBA7A00081C67 /* main.m */ = {isa = PBXFileReference; lastKnownFileType = sourcecode.c.objc; path = main.m; sourceTree = "<group>"; };
		54084686160FBA7A00081C67 /* Search-Prefix.pch */ = {isa = PBXFileReference; lastKnownFileType = sourcecode.c.h; path = "Search-Prefix.pch"; sourceTree = "<group>"; };
		54084687160FBA7A00081C67 /* AppDelegate.h */ = {isa = PBXFileReference; lastKnownFileType = sourcecode.c.h; path = AppDelegate.h; sourceTree = "<group>"; };
		54084688160FBA7A00081C67 /* AppDelegate.m */ = {isa = PBXFileReference; lastKnownFileType = sourcecode.c.objc; path = AppDelegate.m; sourceTree = "<group>"; };
		5408468F160FBA9600081C67 /* RootViewController.h */ = {isa = PBXFileReference; fileEncoding = 4; lastKnownFileType = sourcecode.c.h; path = RootViewController.h; sourceTree = "<group>"; };
		54084690160FBA9600081C67 /* RootViewController.m */ = {isa = PBXFileReference; fileEncoding = 4; lastKnownFileType = sourcecode.c.objc; path = RootViewController.m; sourceTree = "<group>"; };
/* End PBXFileReference section */

/* Begin PBXFrameworksBuildPhase section */
		54084671160FBA7A00081C67 /* Frameworks */ = {
			isa = PBXFrameworksBuildPhase;
			buildActionMask = 2147483647;
			files = (
				54084679160FBA7A00081C67 /* UIKit.framework in Frameworks */,
				5408467B160FBA7A00081C67 /* Foundation.framework in Frameworks */,
				5408467D160FBA7A00081C67 /* CoreGraphics.framework in Frameworks */,
			);
			runOnlyForDeploymentPostprocessing = 0;
		};
/* End PBXFrameworksBuildPhase section */

/* Begin PBXGroup section */
		54084669160FBA7A00081C67 = {
			isa = PBXGroup;
			children = (
				5408467E160FBA7A00081C67 /* Search */,
				54084677160FBA7A00081C67 /* Frameworks */,
				54084675160FBA7A00081C67 /* Products */,
			);
			sourceTree = "<group>";
		};
		54084675160FBA7A00081C67 /* Products */ = {
			isa = PBXGroup;
			children = (
				54084674160FBA7A00081C67 /* Search.app */,
			);
			name = Products;
			sourceTree = "<group>";
		};
		54084677160FBA7A00081C67 /* Frameworks */ = {
			isa = PBXGroup;
			children = (
				54084678160FBA7A00081C67 /* UIKit.framework */,
				5408467A160FBA7A00081C67 /* Foundation.framework */,
				5408467C160FBA7A00081C67 /* CoreGraphics.framework */,
			);
			name = Frameworks;
			sourceTree = "<group>";
		};
		5408467E160FBA7A00081C67 /* Search */ = {
			isa = PBXGroup;
			children = (
				54084687160FBA7A00081C67 /* AppDelegate.h */,
				54084688160FBA7A00081C67 /* AppDelegate.m */,
				5408468F160FBA9600081C67 /* RootViewController.h */,
				54084690160FBA9600081C67 /* RootViewController.m */,
				5408467F160FBA7A00081C67 /* Supporting Files */,
			);
			path = Search;
			sourceTree = "<group>";
		};
		5408467F160FBA7A00081C67 /* Supporting Files */ = {
			isa = PBXGroup;
			children = (
				54084680160FBA7A00081C67 /* Search-Info.plist */,
				54084681160FBA7A00081C67 /* InfoPlist.strings */,
				54084684160FBA7A00081C67 /* main.m */,
				54084686160FBA7A00081C67 /* Search-Prefix.pch */,
			);
			name = "Supporting Files";
			sourceTree = "<group>";
		};
/* End PBXGroup section */

/* Begin PBXNativeTarget section */
		54084673160FBA7A00081C67 /* Search */ = {
			isa = PBXNativeTarget;
			buildConfigurationList = 5408468C160FBA7A00081C67 /* Build configuration list for PBXNativeTarget "Search" */;
			buildPhases = (
				54084670160FBA7A00081C67 /* Sources */,
				54084671160FBA7A00081C67 /* Frameworks */,
				54084672160FBA7A00081C67 /* Resources */,
			);
			buildRules = (
			);
			dependencies = (
			);
			name = Search;
			productName = Search;
			productReference = 54084674160FBA7A00081C67 /* Search.app */;
			productType = "com.apple.product-type.application";
		};
/* End PBXNativeTarget section */

/* Begin PBXProject section */
		5408466B160FBA7A00081C67 /* Project object */ = {
			isa = PBXProject;
			attributes = {
				LastUpgradeCheck = 0420;
			};
			buildConfigurationList = 5408466E160FBA7A00081C67 /* Build configuration list for PBXProject "Search" */;
			compatibilityVersion = "Xcode 3.2";
			developmentRegion = English;
			hasScannedForEncodings = 0;
			knownRegions = (
				en,
			);
			mainGroup = 54084669160FBA7A00081C67;
			productRefGroup = 54084675160FBA7A00081C67 /* Products */;
			projectDirPath = "";
			projectRoot = "";
			targets = (
				54084673160FBA7A00081C67 /* Search */,
			);
		};
/* End PBXProject section */

/* Begin PBXResourcesBuildPhase section */
		54084672160FBA7A00081C67 /* Resources */ = {
			isa = PBXResourcesBuildPhase;
			buildActionMask = 2147483647;
			files = (
				54084683160FBA7A00081C67 /* InfoPlist.strings in Resources */,
			);
			runOnlyForDeploymentPostprocessing = 0;
		};
/* End PBXResourcesBuildPhase section */

/* Begin PBXSourcesBuildPhase section */
		54084670160FBA7A00081C67 /* Sources */ = {
			isa = PBXSourcesBuildPhase;
			buildActionMask = 2147483647;
			files = (
				54084685160FBA7A00081C67 /* main.m in Sources */,
				54084689160FBA7A00081C67 /* AppDelegate.m in Sources */,
				54084691160FBA9700081C67 /* RootViewController.m in Sources */,
			);
			runOnlyForDeploymentPostprocessing = 0;
		};
/* End PBXSourcesBuildPhase section */

/* Begin PBXVariantGroup section */
		54084681160FBA7A00081C67 /* InfoPlist.strings */ = {
			isa = PBXVariantGroup;
			children = (
				54084682160FBA7A00081C67 /* en */,
			);
			name = InfoPlist.strings;
			sourceTree = "<group>";
		};
/* End PBXVariantGroup section */

/* Begin XCBuildConfiguration section */
		5408468A160FBA7A00081C67 /* Debug */ = {
			isa = XCBuildConfiguration;
			buildSettings = {
				ALWAYS_SEARCH_USER_PATHS = NO;
				ARCHS = "$(ARCHS_STANDARD_32_BIT)";
				"CODE_SIGN_IDENTITY[sdk=iphoneos*]" = "iPhone Developer";
				COPY_PHASE_STRIP = NO;
				GCC_C_LANGUAGE_STANDARD = gnu99;
				GCC_DYNAMIC_NO_PIC = NO;
				GCC_OPTIMIZATION_LEVEL = 0;
				GCC_PREPROCESSOR_DEFINITIONS = (
					"DEBUG=1",
					"$(inherited)",
				);
				GCC_SYMBOLS_PRIVATE_EXTERN = NO;
				GCC_VERSION = com.apple.compilers.llvm.clang.1_0;
				GCC_WARN_ABOUT_MISSING_PROTOTYPES = YES;
				GCC_WARN_ABOUT_RETURN_TYPE = YES;
				GCC_WARN_UNUSED_VARIABLE = YES;
				IPHONEOS_DEPLOYMENT_TARGET = 5.1;
				SDKROOT = iphoneos;
				TARGETED_DEVICE_FAMILY = "1,2";
			};
			name = Debug;
		};
		5408468B160FBA7A00081C67 /* Release */ = {
			isa = XCBuildConfiguration;
			buildSettings = {
				ALWAYS_SEARCH_USER_PATHS = NO;
				ARCHS = "$(ARCHS_STANDARD_32_BIT)";
				"CODE_SIGN_IDENTITY[sdk=iphoneos*]" = "iPhone Developer";
				COPY_PHASE_STRIP = YES;
				GCC_C_LANGUAGE_STANDARD = gnu99;
				GCC_VERSION = com.apple.compilers.llvm.clang.1_0;
				GCC_WARN_ABOUT_MISSING_PROTOTYPES = YES;
				GCC_WARN_ABOUT_RETURN_TYPE = YES;
				GCC_WARN_UNUSED_VARIABLE = YES;
				IPHONEOS_DEPLOYMENT_TARGET = 5.1;
				OTHER_CFLAGS = "-DNS_BLOCK_ASSERTIONS=1";
				SDKROOT = iphoneos;
				TARGETED_DEVICE_FAMILY = "1,2";
				VALIDATE_PRODUCT = YES;
			};
			name = Release;
		};
		5408468D160FBA7A00081C67 /* Debug */ = {
			isa = XCBuildConfiguration;
			buildSettings = {
				GCC_PRECOMPILE_PREFIX_HEADER = YES;
				GCC_PREFIX_HEADER = "Search/Search-Prefix.pch";
				INFOPLIST_FILE = "Search/Search-Info.plist";
				PRODUCT_NAME = "$(TARGET_NAME)";
				WRAPPER_EXTENSION = app;
			};
			name = Debug;
		};
		5408468E160FBA7A00081C67 /* Release */ = {
			isa = XCBuildConfiguration;
			buildSettings = {
				GCC_PRECOMPILE_PREFIX_HEADER = YES;
				GCC_PREFIX_HEADER = "Search/Search-Prefix.pch";
				INFOPLIST_FILE = "Search/Search-Info.plist";
				PRODUCT_NAME = "$(TARGET_NAME)";
				WRAPPER_EXTENSION = app;
			};
			name = Release;
		};
/* End XCBuildConfiguration section */

/* Begin XCConfigurationList section */
		5408466E160FBA7A00081C67 /* Build configuration list for PBXProject "Search" */ = {
			isa = XCConfigurationList;
			buildConfigurations = (
				5408468A160FBA7A00081C67 /* Debug */,
				5408468B160FBA7A00081C67 /* Release */,
			);
			defaultConfigurationIsVisible = 0;
			defaultConfigurationName = Release;
		};
		5408468C160FBA7A00081C67 /* Build configuration list for PBXNativeTarget "Search" */ = {
			isa = XCConfigurationList;
			buildConfigurations = (
				5408468D160FBA7A00081C67 /* Debug */,
				5408468E160FBA7A00081C67 /* Release */,
			);
			defaultConfigurationIsVisible = 0;
		};
/* End XCConfigurationList section */
	};
	rootObject = 5408466B160FBA7A00081C67 /* Project object */;
}
